// !$*UTF8*$!
{
	archiveVersion = 1;
	classes = {
	};
	objectVersion = 77;
	objects = {

/* Begin PBXBuildFile section */
		08D4994759D17809AAFB3606 /* DashboardView.swift in Sources */ = {isa = PBXBuildFile; fileRef = 6F0EEEF25A4310BB1883801A /* DashboardView.swift */; };
		0CA4A3D98C49F9F18C35CF3E /* OneRepMaxCalculator.swift in Sources */ = {isa = PBXBuildFile; fileRef = E1F05205218216FDB7C88346 /* OneRepMaxCalculator.swift */; };
		0E7A1C81190C1F8BDE9471B2 /* PrivacyInfo.xcprivacy in Resources */ = {isa = PBXBuildFile; fileRef = B0B0C97D2DC04DCD60842B25 /* PrivacyInfo.xcprivacy */; };
		1E7C7C6CF826738E804802BD /* exercises_seed.json in Resources */ = {isa = PBXBuildFile; fileRef = 46DCAFA5FD59CA1EE733A1EA /* exercises_seed.json */; };
		25E3FEB88472F1DEE6D345C1 /* MuscleGroup.swift in Sources */ = {isa = PBXBuildFile; fileRef = 7918BE2986B81751ED9EDD33 /* MuscleGroup.swift */; };
		31CA979CCF8727BDEE22E9F4 /* Exercise.swift in Sources */ = {isa = PBXBuildFile; fileRef = DCE2655DF5F620091450A29C /* Exercise.swift */; };
		3BC7EE6E10C83FA54CD8199F /* WorkoutGenerator.swift in Sources */ = {isa = PBXBuildFile; fileRef = B2A67550AFCF23BD58DD1652 /* WorkoutGenerator.swift */; };
		59FAF168B688A0A526C377A2 /* WorkoutView.swift in Sources */ = {isa = PBXBuildFile; fileRef = BE94BC8E2D4EC28E49D40752 /* WorkoutView.swift */; };
		5BE280BE8228EF9B7173588C /* RootView.swift in Sources */ = {isa = PBXBuildFile; fileRef = F9F4F397B1F79347AA8BBE43 /* RootView.swift */; };
		5BE8DDFF38D93F143C67325C /* SeededGenerator.swift in Sources */ = {isa = PBXBuildFile; fileRef = 61EE0CE43AAD2C3304A2EC63 /* SeededGenerator.swift */; };
		6621855E36265C102514A88D /* ExerciseListView.swift in Sources */ = {isa = PBXBuildFile; fileRef = F952D420AF0BDB879DF7C5A2 /* ExerciseListView.swift */; };
		6A3C58FB14410A066EE40E55 /* AppError.swift in Sources */ = {isa = PBXBuildFile; fileRef = FB919543C5FF9C2BD37B494C /* AppError.swift */; };
		6CA2A22C815FC59100E7E0B8 /* WorkoutRNG.swift in Sources */ = {isa = PBXBuildFile; fileRef = 19514FB1B2B7D08867947999 /* WorkoutRNG.swift */; };
		7B7A4FC081B24DD237F589F9 /* ExerciseSeedLoader.swift in Sources */ = {isa = PBXBuildFile; fileRef = 4EDB6B949624CB26D580E971 /* ExerciseSeedLoader.swift */; };
		87E1F0530D2431396CF007A8 /* WorkoutGoal.swift in Sources */ = {isa = PBXBuildFile; fileRef = DB83058976B320D1AEC10BC1 /* WorkoutGoal.swift */; };
		8A5F7769B50599D12AB00BFE /* ExerciseView.swift in Sources */ = {isa = PBXBuildFile; fileRef = 7F4C57CEFA04691A4EB85184 /* ExerciseView.swift */; };
		9688AFF14FAD0E3F37EB2D81 /* GeneratorOutput.swift in Sources */ = {isa = PBXBuildFile; fileRef = 9F3D00BFA206833CD97D7653 /* GeneratorOutput.swift */; };
		96D64E40ADB8CBE3C5CB17A9 /* WorkoutGeneratorTests.swift in Sources */ = {isa = PBXBuildFile; fileRef = 3346E295431BB099338518E9 /* WorkoutGeneratorTests.swift */; };
		B197593899E2624464637936 /* ProFeatureGate.swift in Sources */ = {isa = PBXBuildFile; fileRef = 087A9854EC9E574259111A5E /* ProFeatureGate.swift */; };
		C951600B755C19B6FE79CA0E /* ExerciseDetailView.swift in Sources */ = {isa = PBXBuildFile; fileRef = 7D3C9D2CD799BCB09E3BD98D /* ExerciseDetailView.swift */; };
		CC46F1B271E59F755D6723F5 /* Assets.xcassets in Resources */ = {isa = PBXBuildFile; fileRef = CAE497A1E25480C6EE0C78C0 /* Assets.xcassets */; };
		CEBB3EDBC37D0E4C29F06EAA /* WorkoutKitApp.swift in Sources */ = {isa = PBXBuildFile; fileRef = E7113DFCF9D8F079AD341599 /* WorkoutKitApp.swift */; };
		D04F45EDCEA2354C0293958E /* ExerciseDisplayExtensions.swift in Sources */ = {isa = PBXBuildFile; fileRef = E9D2B38D1AC72C5EB41DF4BB /* ExerciseDisplayExtensions.swift */; };
		D063EE353713D2798EE3C5DB /* ExerciseCategory.swift in Sources */ = {isa = PBXBuildFile; fileRef = 675702938B64F675E4CE58F8 /* ExerciseCategory.swift */; };
		D36C941C132EC7ED8FED19C2 /* OneRepMaxCalculatorTests.swift in Sources */ = {isa = PBXBuildFile; fileRef = 938150150F238FD682C35B9A /* OneRepMaxCalculatorTests.swift */; };
		D4A242C81CFC389B720F5222 /* Equipment.swift in Sources */ = {isa = PBXBuildFile; fileRef = 1D8D09788522D47FF36DD274 /* Equipment.swift */; };
		F110AE0EEDA4EEB15AA14341 /* GeneratorInput.swift in Sources */ = {isa = PBXBuildFile; fileRef = F13A970E520A77A8D95D0A47 /* GeneratorInput.swift */; };
		FA3DE908FFE6B9186E2032FD /* ProfileView.swift in Sources */ = {isa = PBXBuildFile; fileRef = F397E5ED41573FE7E0FB2EC1 /* ProfileView.swift */; };
		FEE366D7334874DE9E5787CC /* LibraryStore.swift in Sources */ = {isa = PBXBuildFile; fileRef = 8069889CE1F291FCC725A70D /* LibraryStore.swift */; };
/* End PBXBuildFile section */

/* Begin PBXContainerItemProxy section */
		1C918AF2B883990826AD7577 /* PBXContainerItemProxy */ = {
			isa = PBXContainerItemProxy;
			containerPortal = B88F7E88C27DDC7C9685A7E3 /* Project object */;
			proxyType = 1;
			remoteGlobalIDString = 958DDC3A9C79A43D25E0AC4A;
			remoteInfo = WorkoutKit;
		};
/* End PBXContainerItemProxy section */

/* Begin PBXFileReference section */
		087A9854EC9E574259111A5E /* ProFeatureGate.swift */ = {isa = PBXFileReference; lastKnownFileType = sourcecode.swift; path = ProFeatureGate.swift; sourceTree = "<group>"; };
		19514FB1B2B7D08867947999 /* WorkoutRNG.swift */ = {isa = PBXFileReference; lastKnownFileType = sourcecode.swift; path = WorkoutRNG.swift; sourceTree = "<group>"; };
		1D8D09788522D47FF36DD274 /* Equipment.swift */ = {isa = PBXFileReference; lastKnownFileType = sourcecode.swift; path = Equipment.swift; sourceTree = "<group>"; };
		3346E295431BB099338518E9 /* WorkoutGeneratorTests.swift */ = {isa = PBXFileReference; lastKnownFileType = sourcecode.swift; path = WorkoutGeneratorTests.swift; sourceTree = "<group>"; };
		46DCAFA5FD59CA1EE733A1EA /* exercises_seed.json */ = {isa = PBXFileReference; lastKnownFileType = text.json; path = exercises_seed.json; sourceTree = "<group>"; };
		4EDB6B949624CB26D580E971 /* ExerciseSeedLoader.swift */ = {isa = PBXFileReference; lastKnownFileType = sourcecode.swift; path = ExerciseSeedLoader.swift; sourceTree = "<group>"; };
		5DE739F34DAA5ED4D5443DCC /* WorkoutKit.entitlements */ = {isa = PBXFileReference; lastKnownFileType = text.plist.entitlements; path = WorkoutKit.entitlements; sourceTree = "<group>"; };
		61EE0CE43AAD2C3304A2EC63 /* SeededGenerator.swift */ = {isa = PBXFileReference; lastKnownFileType = sourcecode.swift; path = SeededGenerator.swift; sourceTree = "<group>"; };
		675702938B64F675E4CE58F8 /* ExerciseCategory.swift */ = {isa = PBXFileReference; lastKnownFileType = sourcecode.swift; path = ExerciseCategory.swift; sourceTree = "<group>"; };
		6F0EEEF25A4310BB1883801A /* DashboardView.swift */ = {isa = PBXFileReference; lastKnownFileType = sourcecode.swift; path = DashboardView.swift; sourceTree = "<group>"; };
		7918BE2986B81751ED9EDD33 /* MuscleGroup.swift */ = {isa = PBXFileReference; lastKnownFileType = sourcecode.swift; path = MuscleGroup.swift; sourceTree = "<group>"; };
		7D3C9D2CD799BCB09E3BD98D /* ExerciseDetailView.swift */ = {isa = PBXFileReference; lastKnownFileType = sourcecode.swift; path = ExerciseDetailView.swift; sourceTree = "<group>"; };
		7F4C57CEFA04691A4EB85184 /* ExerciseView.swift */ = {isa = PBXFileReference; lastKnownFileType = sourcecode.swift; path = ExerciseView.swift; sourceTree = "<group>"; };
		8069889CE1F291FCC725A70D /* LibraryStore.swift */ = {isa = PBXFileReference; lastKnownFileType = sourcecode.swift; path = LibraryStore.swift; sourceTree = "<group>"; };
		938150150F238FD682C35B9A /* OneRepMaxCalculatorTests.swift */ = {isa = PBXFileReference; lastKnownFileType = sourcecode.swift; path = OneRepMaxCalculatorTests.swift; sourceTree = "<group>"; };
		9F3D00BFA206833CD97D7653 /* GeneratorOutput.swift */ = {isa = PBXFileReference; lastKnownFileType = sourcecode.swift; path = GeneratorOutput.swift; sourceTree = "<group>"; };
		B0B0C97D2DC04DCD60842B25 /* PrivacyInfo.xcprivacy */ = {isa = PBXFileReference; path = PrivacyInfo.xcprivacy; sourceTree = "<group>"; };
		B2A67550AFCF23BD58DD1652 /* WorkoutGenerator.swift */ = {isa = PBXFileReference; lastKnownFileType = sourcecode.swift; path = WorkoutGenerator.swift; sourceTree = "<group>"; };
		BE94BC8E2D4EC28E49D40752 /* WorkoutView.swift */ = {isa = PBXFileReference; lastKnownFileType = sourcecode.swift; path = WorkoutView.swift; sourceTree = "<group>"; };
		CAE497A1E25480C6EE0C78C0 /* Assets.xcassets */ = {isa = PBXFileReference; lastKnownFileType = folder.assetcatalog; path = Assets.xcassets; sourceTree = "<group>"; };
		D1CDE9E4F18F5B70E02FCB9C /* WorkoutKitTests.xctest */ = {isa = PBXFileReference; includeInIndex = 0; lastKnownFileType = wrapper.cfbundle; path = WorkoutKitTests.xctest; sourceTree = BUILT_PRODUCTS_DIR; };
		DB83058976B320D1AEC10BC1 /* WorkoutGoal.swift */ = {isa = PBXFileReference; lastKnownFileType = sourcecode.swift; path = WorkoutGoal.swift; sourceTree = "<group>"; };
		DCE2655DF5F620091450A29C /* Exercise.swift */ = {isa = PBXFileReference; lastKnownFileType = sourcecode.swift; path = Exercise.swift; sourceTree = "<group>"; };
		E1F05205218216FDB7C88346 /* OneRepMaxCalculator.swift */ = {isa = PBXFileReference; lastKnownFileType = sourcecode.swift; path = OneRepMaxCalculator.swift; sourceTree = "<group>"; };
		E7113DFCF9D8F079AD341599 /* WorkoutKitApp.swift */ = {isa = PBXFileReference; lastKnownFileType = sourcecode.swift; path = WorkoutKitApp.swift; sourceTree = "<group>"; };
		E9D2B38D1AC72C5EB41DF4BB /* ExerciseDisplayExtensions.swift */ = {isa = PBXFileReference; lastKnownFileType = sourcecode.swift; path = ExerciseDisplayExtensions.swift; sourceTree = "<group>"; };
		F13A970E520A77A8D95D0A47 /* GeneratorInput.swift */ = {isa = PBXFileReference; lastKnownFileType = sourcecode.swift; path = GeneratorInput.swift; sourceTree = "<group>"; };
		F397E5ED41573FE7E0FB2EC1 /* ProfileView.swift */ = {isa = PBXFileReference; lastKnownFileType = sourcecode.swift; path = ProfileView.swift; sourceTree = "<group>"; };
		F4C8361D323E50650DB71F99 /* WorkoutKit.app */ = {isa = PBXFileReference; includeInIndex = 0; lastKnownFileType = wrapper.application; path = WorkoutKit.app; sourceTree = BUILT_PRODUCTS_DIR; };
		F952D420AF0BDB879DF7C5A2 /* ExerciseListView.swift */ = {isa = PBXFileReference; lastKnownFileType = sourcecode.swift; path = ExerciseListView.swift; sourceTree = "<group>"; };
		F9F4F397B1F79347AA8BBE43 /* RootView.swift */ = {isa = PBXFileReference; lastKnownFileType = sourcecode.swift; path = RootView.swift; sourceTree = "<group>"; };
		FB919543C5FF9C2BD37B494C /* AppError.swift */ = {isa = PBXFileReference; lastKnownFileType = sourcecode.swift; path = AppError.swift; sourceTree = "<group>"; };
/* End PBXFileReference section */

/* Begin PBXGroup section */
		0635DEFD867CF0C758EDDF83 /* Domain */ = {
			isa = PBXGroup;
			children = (
				A47E8D2D2E977691E5061D2C /* Enums */,
				0A3CB5A76BD7D4562B744A80 /* Errors */,
				B90D4AF1E25A1E491A9185CD /* Models */,
				CA9191EAA2D359253E30A87D /* Services */,
			);
			path = Domain;
			sourceTree = "<group>";
		};
		0A3CB5A76BD7D4562B744A80 /* Errors */ = {
			isa = PBXGroup;
			children = (
				FB919543C5FF9C2BD37B494C /* AppError.swift */,
			);
			path = Errors;
			sourceTree = "<group>";
		};
		0E489EC60F0049BDDC78CF96 /* WorkoutKitTests */ = {
			isa = PBXGroup;
			children = (
				938150150F238FD682C35B9A /* OneRepMaxCalculatorTests.swift */,
				3346E295431BB099338518E9 /* WorkoutGeneratorTests.swift */,
			);
			path = WorkoutKitTests;
			sourceTree = "<group>";
		};
		258D349A0A8D1646D7087B8E /* Dashboard */ = {
			isa = PBXGroup;
			children = (
				6F0EEEF25A4310BB1883801A /* DashboardView.swift */,
			);
			path = Dashboard;
			sourceTree = "<group>";
		};
		2CEBCDE21E9CE5C11C593092 /* WorkoutKit */ = {
			isa = PBXGroup;
			children = (
				5DE739F34DAA5ED4D5443DCC /* WorkoutKit.entitlements */,
				F0021C042A32D90FCE8BFFFD /* App */,
				7B82991E137F9632758121C6 /* Core */,
				0635DEFD867CF0C758EDDF83 /* Domain */,
				BB816CDC59FB5C729BFAD0E4 /* Features */,
				DF38A07774304F6D0A3CC1CE /* Infrastructure */,
				DAB8D91918E3DAA56F53A5AE /* Resources */,
				A7DD367F73B34EFF9FFFCEDA /* Shared */,
			);
			path = WorkoutKit;
			sourceTree = "<group>";
		};
		37D66A9DAD7A6024B31C02A3 /* History */ = {
			isa = PBXGroup;
			children = (
			);
			path = History;
			sourceTree = "<group>";
		};
		3A99D51884A7CD43DC9D41CD /* Library */ = {
			isa = PBXGroup;
			children = (
				7D3C9D2CD799BCB09E3BD98D /* ExerciseDetailView.swift */,
				F952D420AF0BDB879DF7C5A2 /* ExerciseListView.swift */,
				8069889CE1F291FCC725A70D /* LibraryStore.swift */,
			);
			path = Library;
			sourceTree = "<group>";
		};
		50B2E14E06900C9B9252759E /* Workout */ = {
			isa = PBXGroup;
			children = (
				BE94BC8E2D4EC28E49D40752 /* WorkoutView.swift */,
			);
			path = Workout;
			sourceTree = "<group>";
		};
		76E29747758F3E4CB504476B /* Calculator */ = {
			isa = PBXGroup;
			children = (
				E1F05205218216FDB7C88346 /* OneRepMaxCalculator.swift */,
			);
			path = Calculator;
			sourceTree = "<group>";
		};
		78A597E2187D3AADADA08033 /* Paywall */ = {
			isa = PBXGroup;
			children = (
				087A9854EC9E574259111A5E /* ProFeatureGate.swift */,
			);
			path = Paywall;
			sourceTree = "<group>";
		};
		792AEAB7CD8EFDFB2B1B0A82 = {
			isa = PBXGroup;
			children = (
				9C16016D5F0797D24F34E7A1 /* Tests */,
				2CEBCDE21E9CE5C11C593092 /* WorkoutKit */,
				94E24DDD75266DF9D99B0832 /* Products */,
			);
			sourceTree = "<group>";
		};
		7B82991E137F9632758121C6 /* Core */ = {
			isa = PBXGroup;
			children = (
				76E29747758F3E4CB504476B /* Calculator */,
			);
			path = Core;
			sourceTree = "<group>";
		};
		94E24DDD75266DF9D99B0832 /* Products */ = {
			isa = PBXGroup;
			children = (
				F4C8361D323E50650DB71F99 /* WorkoutKit.app */,
				D1CDE9E4F18F5B70E02FCB9C /* WorkoutKitTests.xctest */,
			);
			name = Products;
			sourceTree = "<group>";
		};
		9C16016D5F0797D24F34E7A1 /* Tests */ = {
			isa = PBXGroup;
			children = (
				0E489EC60F0049BDDC78CF96 /* WorkoutKitTests */,
			);
			path = Tests;
			sourceTree = "<group>";
		};
		A47E8D2D2E977691E5061D2C /* Enums */ = {
			isa = PBXGroup;
			children = (
				1D8D09788522D47FF36DD274 /* Equipment.swift */,
				675702938B64F675E4CE58F8 /* ExerciseCategory.swift */,
				7918BE2986B81751ED9EDD33 /* MuscleGroup.swift */,
				DB83058976B320D1AEC10BC1 /* WorkoutGoal.swift */,
			);
			path = Enums;
			sourceTree = "<group>";
		};
		A7DD367F73B34EFF9FFFCEDA /* Shared */ = {
			isa = PBXGroup;
			children = (
				E9D2B38D1AC72C5EB41DF4BB /* ExerciseDisplayExtensions.swift */,
			);
			path = Shared;
			sourceTree = "<group>";
		};
		B90D4AF1E25A1E491A9185CD /* Models */ = {
			isa = PBXGroup;
			children = (
				DCE2655DF5F620091450A29C /* Exercise.swift */,
				F13A970E520A77A8D95D0A47 /* GeneratorInput.swift */,
				9F3D00BFA206833CD97D7653 /* GeneratorOutput.swift */,
			);
			path = Models;
			sourceTree = "<group>";
		};
		BB816CDC59FB5C729BFAD0E4 /* Features */ = {
			isa = PBXGroup;
			children = (
				258D349A0A8D1646D7087B8E /* Dashboard */,
				F8C6946CFD8EE9E4F964097A /* Exercise */,
				37D66A9DAD7A6024B31C02A3 /* History */,
				3A99D51884A7CD43DC9D41CD /* Library */,
				78A597E2187D3AADADA08033 /* Paywall */,
				D80E1BFD7957A196F25527C9 /* Profile */,
				50B2E14E06900C9B9252759E /* Workout */,
			);
			path = Features;
			sourceTree = "<group>";
		};
		CA9191EAA2D359253E30A87D /* Services */ = {
			isa = PBXGroup;
			children = (
				61EE0CE43AAD2C3304A2EC63 /* SeededGenerator.swift */,
				B2A67550AFCF23BD58DD1652 /* WorkoutGenerator.swift */,
				19514FB1B2B7D08867947999 /* WorkoutRNG.swift */,
			);
			path = Services;
			sourceTree = "<group>";
		};
		D80E1BFD7957A196F25527C9 /* Profile */ = {
			isa = PBXGroup;
			children = (
				F397E5ED41573FE7E0FB2EC1 /* ProfileView.swift */,
			);
			path = Profile;
			sourceTree = "<group>";
		};
		DAB8D91918E3DAA56F53A5AE /* Resources */ = {
			isa = PBXGroup;
			children = (
				CAE497A1E25480C6EE0C78C0 /* Assets.xcassets */,
				46DCAFA5FD59CA1EE733A1EA /* exercises_seed.json */,
				B0B0C97D2DC04DCD60842B25 /* PrivacyInfo.xcprivacy */,
			);
			path = Resources;
			sourceTree = "<group>";
		};
		DF38A07774304F6D0A3CC1CE /* Infrastructure */ = {
			isa = PBXGroup;
			children = (
				4EDB6B949624CB26D580E971 /* ExerciseSeedLoader.swift */,
			);
			path = Infrastructure;
			sourceTree = "<group>";
		};
		F0021C042A32D90FCE8BFFFD /* App */ = {
			isa = PBXGroup;
			children = (
				F9F4F397B1F79347AA8BBE43 /* RootView.swift */,
				E7113DFCF9D8F079AD341599 /* WorkoutKitApp.swift */,
			);
			path = App;
			sourceTree = "<group>";
		};
		F8C6946CFD8EE9E4F964097A /* Exercise */ = {
			isa = PBXGroup;
			children = (
				7F4C57CEFA04691A4EB85184 /* ExerciseView.swift */,
			);
			path = Exercise;
			sourceTree = "<group>";
		};
/* End PBXGroup section */

/* Begin PBXNativeTarget section */
		0499C4F206E7D2B7DD5A142E /* WorkoutKitTests */ = {
			isa = PBXNativeTarget;
			buildConfigurationList = 28805BCC346929C424B472F8 /* Build configuration list for PBXNativeTarget "WorkoutKitTests" */;
			buildPhases = (
				E7E75C8AD21B4603E5A4FC06 /* Sources */,
			);
			buildRules = (
			);
			dependencies = (
				CD9E5D93DF11FE47952540B5 /* PBXTargetDependency */,
			);
			name = WorkoutKitTests;
			packageProductDependencies = (
			);
			productName = WorkoutKitTests;
			productReference = D1CDE9E4F18F5B70E02FCB9C /* WorkoutKitTests.xctest */;
			productType = "com.apple.product-type.bundle.unit-test";
		};
		958DDC3A9C79A43D25E0AC4A /* WorkoutKit */ = {
			isa = PBXNativeTarget;
			buildConfigurationList = 0BC7B08A128ABD546044EED7 /* Build configuration list for PBXNativeTarget "WorkoutKit" */;
			buildPhases = (
				C9CC84D2EC63FD99FCD51D02 /* Sources */,
				029F754D4DD14FFEB8B9A10D /* Resources */,
			);
			buildRules = (
			);
			dependencies = (
			);
			name = WorkoutKit;
			packageProductDependencies = (
			);
			productName = WorkoutKit;
			productReference = F4C8361D323E50650DB71F99 /* WorkoutKit.app */;
			productType = "com.apple.product-type.application";
		};
/* End PBXNativeTarget section */

/* Begin PBXProject section */
		B88F7E88C27DDC7C9685A7E3 /* Project object */ = {
			isa = PBXProject;
			attributes = {
				BuildIndependentTargetsInParallel = YES;
				LastUpgradeCheck = 1430;
				TargetAttributes = {
					0499C4F206E7D2B7DD5A142E = {
						DevelopmentTeam = "";
						ProvisioningStyle = Automatic;
					};
					958DDC3A9C79A43D25E0AC4A = {
						DevelopmentTeam = "";
						ProvisioningStyle = Automatic;
					};
				};
			};
			buildConfigurationList = 433D0C4D90F6EE9E5384A2DE /* Build configuration list for PBXProject "WorkoutKit" */;
			developmentRegion = ja;
			hasScannedForEncodings = 0;
			knownRegions = (
				Base,
				ja,
			);
			mainGroup = 792AEAB7CD8EFDFB2B1B0A82;
			minimizedProjectReferenceProxies = 1;
			preferredProjectObjectVersion = 77;
			productRefGroup = 94E24DDD75266DF9D99B0832 /* Products */;
			projectDirPath = "";
			projectRoot = "";
			targets = (
				958DDC3A9C79A43D25E0AC4A /* WorkoutKit */,
				0499C4F206E7D2B7DD5A142E /* WorkoutKitTests */,
			);
		};
/* End PBXProject section */

/* Begin PBXResourcesBuildPhase section */
		029F754D4DD14FFEB8B9A10D /* Resources */ = {
			isa = PBXResourcesBuildPhase;
			buildActionMask = 2147483647;
			files = (
				CC46F1B271E59F755D6723F5 /* Assets.xcassets in Resources */,
				0E7A1C81190C1F8BDE9471B2 /* PrivacyInfo.xcprivacy in Resources */,
				1E7C7C6CF826738E804802BD /* exercises_seed.json in Resources */,
			);
			runOnlyForDeploymentPostprocessing = 0;
		};
/* End PBXResourcesBuildPhase section */

/* Begin PBXSourcesBuildPhase section */
		C9CC84D2EC63FD99FCD51D02 /* Sources */ = {
			isa = PBXSourcesBuildPhase;
			buildActionMask = 2147483647;
			files = (
				6A3C58FB14410A066EE40E55 /* AppError.swift in Sources */,
				08D4994759D17809AAFB3606 /* DashboardView.swift in Sources */,
				D4A242C81CFC389B720F5222 /* Equipment.swift in Sources */,
				31CA979CCF8727BDEE22E9F4 /* Exercise.swift in Sources */,
				D063EE353713D2798EE3C5DB /* ExerciseCategory.swift in Sources */,
				C951600B755C19B6FE79CA0E /* ExerciseDetailView.swift in Sources */,
				D04F45EDCEA2354C0293958E /* ExerciseDisplayExtensions.swift in Sources */,
				6621855E36265C102514A88D /* ExerciseListView.swift in Sources */,
				7B7A4FC081B24DD237F589F9 /* ExerciseSeedLoader.swift in Sources */,
				8A5F7769B50599D12AB00BFE /* ExerciseView.swift in Sources */,
				F110AE0EEDA4EEB15AA14341 /* GeneratorInput.swift in Sources */,
				9688AFF14FAD0E3F37EB2D81 /* GeneratorOutput.swift in Sources */,
				FEE366D7334874DE9E5787CC /* LibraryStore.swift in Sources */,
				25E3FEB88472F1DEE6D345C1 /* MuscleGroup.swift in Sources */,
				0CA4A3D98C49F9F18C35CF3E /* OneRepMaxCalculator.swift in Sources */,
				B197593899E2624464637936 /* ProFeatureGate.swift in Sources */,
				FA3DE908FFE6B9186E2032FD /* ProfileView.swift in Sources */,
				5BE280BE8228EF9B7173588C /* RootView.swift in Sources */,
				5BE8DDFF38D93F143C67325C /* SeededGenerator.swift in Sources */,
				3BC7EE6E10C83FA54CD8199F /* WorkoutGenerator.swift in Sources */,
				87E1F0530D2431396CF007A8 /* WorkoutGoal.swift in Sources */,
				CEBB3EDBC37D0E4C29F06EAA /* WorkoutKitApp.swift in Sources */,
				6CA2A22C815FC59100E7E0B8 /* WorkoutRNG.swift in Sources */,
				59FAF168B688A0A526C377A2 /* WorkoutView.swift in Sources */,
			);
			runOnlyForDeploymentPostprocessing = 0;
		};
		E7E75C8AD21B4603E5A4FC06 /* Sources */ = {
			isa = PBXSourcesBuildPhase;
			buildActionMask = 2147483647;
			files = (
				D36C941C132EC7ED8FED19C2 /* OneRepMaxCalculatorTests.swift in Sources */,
				96D64E40ADB8CBE3C5CB17A9 /* WorkoutGeneratorTests.swift in Sources */,
			);
			runOnlyForDeploymentPostprocessing = 0;
		};
/* End PBXSourcesBuildPhase section */

/* Begin PBXTargetDependency section */
		CD9E5D93DF11FE47952540B5 /* PBXTargetDependency */ = {
			isa = PBXTargetDependency;
			target = 958DDC3A9C79A43D25E0AC4A /* WorkoutKit */;
			targetProxy = 1C918AF2B883990826AD7577 /* PBXContainerItemProxy */;
		};
/* End PBXTargetDependency section */

/* Begin XCBuildConfiguration section */
		1A4EC3B487DDFAFD69A564F8 /* Beta */ = {
			isa = XCBuildConfiguration;
			buildSettings = {
				ALWAYS_SEARCH_USER_PATHS = NO;
				APP_INTENTS_DEPLOYMENT_POSTPROCESSING = NO;
				CLANG_ANALYZER_NONNULL = YES;
				CLANG_ANALYZER_NUMBER_OBJECT_CONVERSION = YES_AGGRESSIVE;
				CLANG_CXX_LANGUAGE_STANDARD = "gnu++14";
				CLANG_CXX_LIBRARY = "libc++";
				CLANG_ENABLE_MODULES = YES;
				CLANG_ENABLE_OBJC_ARC = YES;
				CLANG_ENABLE_OBJC_WEAK = YES;
				CLANG_WARN_BLOCK_CAPTURE_AUTORELEASING = YES;
				CLANG_WARN_BOOL_CONVERSION = YES;
				CLANG_WARN_COMMA = YES;
				CLANG_WARN_CONSTANT_CONVERSION = YES;
				CLANG_WARN_DEPRECATED_OBJC_IMPLEMENTATIONS = YES;
				CLANG_WARN_DIRECT_OBJC_ISA_USAGE = YES_ERROR;
				CLANG_WARN_DOCUMENTATION_COMMENTS = YES;
				CLANG_WARN_EMPTY_BODY = YES;
				CLANG_WARN_ENUM_CONVERSION = YES;
				CLANG_WARN_INFINITE_RECURSION = YES;
				CLANG_WARN_INT_CONVERSION = YES;
				CLANG_WARN_NON_LITERAL_NULL_CONVERSION = YES;
				CLANG_WARN_OBJC_IMPLICIT_RETAIN_SELF = YES;
				CLANG_WARN_OBJC_LITERAL_CONVERSION = YES;
				CLANG_WARN_OBJC_ROOT_CLASS = YES_ERROR;
				CLANG_WARN_QUOTED_INCLUDE_IN_FRAMEWORK_HEADER = YES;
				CLANG_WARN_RANGE_LOOP_ANALYSIS = YES;
				CLANG_WARN_STRICT_PROTOTYPES = YES;
				CLANG_WARN_SUSPICIOUS_MOVE = YES;
				CLANG_WARN_UNGUARDED_AVAILABILITY = YES_AGGRESSIVE;
				CLANG_WARN_UNREACHABLE_CODE = YES;
				CLANG_WARN__DUPLICATE_METHOD_MATCH = YES;
				CODE_SIGN_STYLE = Automatic;
				COPY_PHASE_STRIP = NO;
				CURRENT_PROJECT_VERSION = 1;
				DEBUG_INFORMATION_FORMAT = "dwarf-with-dsym";
				DEVELOPMENT_TEAM = "";
				ENABLE_NS_ASSERTIONS = NO;
				ENABLE_STRICT_OBJC_MSGSEND = YES;
				ENABLE_USER_SCRIPT_SANDBOXING = NO;
				GCC_C_LANGUAGE_STANDARD = gnu11;
				GCC_NO_COMMON_BLOCKS = YES;
				GCC_WARN_64_TO_32_BIT_CONVERSION = YES;
				GCC_WARN_ABOUT_RETURN_TYPE = YES_ERROR;
				GCC_WARN_UNDECLARED_SELECTOR = YES;
				GCC_WARN_UNINITIALIZED_AUTOS = YES_AGGRESSIVE;
				GCC_WARN_UNUSED_FUNCTION = YES;
				GCC_WARN_UNUSED_VARIABLE = YES;
				GENERATE_INFOPLIST_FILE = NO;
				IPHONEOS_DEPLOYMENT_TARGET = 17.0;
				MARKETING_VERSION = 1.0.0;
				MTL_ENABLE_DEBUG_INFO = NO;
				MTL_FAST_MATH = YES;
				PRODUCT_NAME = "$(TARGET_NAME)";
				SDKROOT = iphoneos;
				SWIFT_COMPILATION_MODE = wholemodule;
				SWIFT_OPTIMIZATION_LEVEL = "-O";
				SWIFT_VERSION = 5.9;
				xcconfig = Config/Beta.xcconfig;
			};
			name = Beta;
		};
		1E8FA3F005EFC35B02AA4A27 /* Release */ = {
			isa = XCBuildConfiguration;
			buildSettings = {
				BUNDLE_LOADER = "$(TEST_HOST)";
				GENERATE_INFOPLIST_FILE = YES;
				IPHONEOS_DEPLOYMENT_TARGET = 17.0;
				LD_RUNPATH_SEARCH_PATHS = (
					"$(inherited)",
					"@executable_path/Frameworks",
					"@loader_path/Frameworks",
				);
				PRODUCT_BUNDLE_IDENTIFIER = com.tomo.workoutkit.tests;
				SDKROOT = iphoneos;
				SWIFT_VERSION = 5.9;
				TARGETED_DEVICE_FAMILY = "1,2";
				TEST_HOST = "$(BUILT_PRODUCTS_DIR)/WorkoutKit.app/WorkoutKit";
			};
			name = Release;
		};
		294728CB9B29C93D09352ED8 /* Beta */ = {
			isa = XCBuildConfiguration;
			buildSettings = {
				BUNDLE_LOADER = "$(TEST_HOST)";
				GENERATE_INFOPLIST_FILE = YES;
				IPHONEOS_DEPLOYMENT_TARGET = 17.0;
				LD_RUNPATH_SEARCH_PATHS = (
					"$(inherited)",
					"@executable_path/Frameworks",
					"@loader_path/Frameworks",
				);
				PRODUCT_BUNDLE_IDENTIFIER = com.tomo.workoutkit.tests;
				SDKROOT = iphoneos;
				SWIFT_VERSION = 5.9;
				TARGETED_DEVICE_FAMILY = "1,2";
				TEST_HOST = "$(BUILT_PRODUCTS_DIR)/WorkoutKit.app/WorkoutKit";
			};
			name = Beta;
		};
		2A0CDCC53D0A26E0A74A8DC1 /* Release */ = {
			isa = XCBuildConfiguration;
			buildSettings = {
				ALWAYS_SEARCH_USER_PATHS = NO;
				APP_INTENTS_DEPLOYMENT_POSTPROCESSING = NO;
				CLANG_ANALYZER_NONNULL = YES;
				CLANG_ANALYZER_NUMBER_OBJECT_CONVERSION = YES_AGGRESSIVE;
				CLANG_CXX_LANGUAGE_STANDARD = "gnu++14";
				CLANG_CXX_LIBRARY = "libc++";
				CLANG_ENABLE_MODULES = YES;
				CLANG_ENABLE_OBJC_ARC = YES;
				CLANG_ENABLE_OBJC_WEAK = YES;
				CLANG_WARN_BLOCK_CAPTURE_AUTORELEASING = YES;
				CLANG_WARN_BOOL_CONVERSION = YES;
				CLANG_WARN_COMMA = YES;
				CLANG_WARN_CONSTANT_CONVERSION = YES;
				CLANG_WARN_DEPRECATED_OBJC_IMPLEMENTATIONS = YES;
				CLANG_WARN_DIRECT_OBJC_ISA_USAGE = YES_ERROR;
				CLANG_WARN_DOCUMENTATION_COMMENTS = YES;
				CLANG_WARN_EMPTY_BODY = YES;
				CLANG_WARN_ENUM_CONVERSION = YES;
				CLANG_WARN_INFINITE_RECURSION = YES;
				CLANG_WARN_INT_CONVERSION = YES;
				CLANG_WARN_NON_LITERAL_NULL_CONVERSION = YES;
				CLANG_WARN_OBJC_IMPLICIT_RETAIN_SELF = YES;
				CLANG_WARN_OBJC_LITERAL_CONVERSION = YES;
				CLANG_WARN_OBJC_ROOT_CLASS = YES_ERROR;
				CLANG_WARN_QUOTED_INCLUDE_IN_FRAMEWORK_HEADER = YES;
				CLANG_WARN_RANGE_LOOP_ANALYSIS = YES;
				CLANG_WARN_STRICT_PROTOTYPES = YES;
				CLANG_WARN_SUSPICIOUS_MOVE = YES;
				CLANG_WARN_UNGUARDED_AVAILABILITY = YES_AGGRESSIVE;
				CLANG_WARN_UNREACHABLE_CODE = YES;
				CLANG_WARN__DUPLICATE_METHOD_MATCH = YES;
				CODE_SIGN_STYLE = Automatic;
				COPY_PHASE_STRIP = NO;
				CURRENT_PROJECT_VERSION = 1;
				DEBUG_INFORMATION_FORMAT = "dwarf-with-dsym";
				DEVELOPMENT_TEAM = "";
				ENABLE_NS_ASSERTIONS = NO;
				ENABLE_STRICT_OBJC_MSGSEND = YES;
				ENABLE_USER_SCRIPT_SANDBOXING = NO;
				GCC_C_LANGUAGE_STANDARD = gnu11;
				GCC_NO_COMMON_BLOCKS = YES;
				GCC_WARN_64_TO_32_BIT_CONVERSION = YES;
				GCC_WARN_ABOUT_RETURN_TYPE = YES_ERROR;
				GCC_WARN_UNDECLARED_SELECTOR = YES;
				GCC_WARN_UNINITIALIZED_AUTOS = YES_AGGRESSIVE;
				GCC_WARN_UNUSED_FUNCTION = YES;
				GCC_WARN_UNUSED_VARIABLE = YES;
				GENERATE_INFOPLIST_FILE = NO;
				IPHONEOS_DEPLOYMENT_TARGET = 17.0;
				MARKETING_VERSION = 1.0.0;
				MTL_ENABLE_DEBUG_INFO = NO;
				MTL_FAST_MATH = YES;
				PRODUCT_NAME = "$(TARGET_NAME)";
				SDKROOT = iphoneos;
				SWIFT_COMPILATION_MODE = wholemodule;
				SWIFT_OPTIMIZATION_LEVEL = "-O";
				SWIFT_VERSION = 5.9;
				xcconfig = Config/Release.xcconfig;
			};
			name = Release;
		};
		2D8CBEA988D11F86B23670AA /* Debug */ = {
			isa = XCBuildConfiguration;
			buildSettings = {
				ASSETCATALOG_COMPILER_APPICON_NAME = AppIcon;
				ASSETCATALOG_COMPILER_GLOBAL_ACCENT_COLOR_NAME = AccentColor;
				CODE_SIGN_ENTITLEMENTS = WorkoutKit/WorkoutKit.entitlements;
				CODE_SIGN_IDENTITY = "iPhone Developer";
				INFOPLIST_FILE = WorkoutKit/Resources/Info.plist;
				IPHONEOS_DEPLOYMENT_TARGET = 17.0;
				LD_RUNPATH_SEARCH_PATHS = (
					"$(inherited)",
					"@executable_path/Frameworks",
				);
				PRODUCT_BUNDLE_IDENTIFIER = com.tomo.workoutkit;
				SDKROOT = iphoneos;
				TARGETED_DEVICE_FAMILY = 1;
			};
			name = Debug;
		};
		7F0BCC578A0DCBB887DC6FBE /* Release */ = {
			isa = XCBuildConfiguration;
			buildSettings = {
				ASSETCATALOG_COMPILER_APPICON_NAME = AppIcon;
				ASSETCATALOG_COMPILER_GLOBAL_ACCENT_COLOR_NAME = AccentColor;
				CODE_SIGN_ENTITLEMENTS = WorkoutKit/WorkoutKit.entitlements;
				CODE_SIGN_IDENTITY = "iPhone Developer";
				INFOPLIST_FILE = WorkoutKit/Resources/Info.plist;
				IPHONEOS_DEPLOYMENT_TARGET = 17.0;
				LD_RUNPATH_SEARCH_PATHS = (
					"$(inherited)",
					"@executable_path/Frameworks",
				);
				PRODUCT_BUNDLE_IDENTIFIER = com.tomo.workoutkit;
				SDKROOT = iphoneos;
				TARGETED_DEVICE_FAMILY = 1;
			};
			name = Release;
		};
		8DB4F92A793CBBEF4752CC1A /* Beta */ = {
			isa = XCBuildConfiguration;
			buildSettings = {
				ASSETCATALOG_COMPILER_APPICON_NAME = AppIcon;
				ASSETCATALOG_COMPILER_GLOBAL_ACCENT_COLOR_NAME = AccentColor;
				CODE_SIGN_ENTITLEMENTS = WorkoutKit/WorkoutKit.entitlements;
				CODE_SIGN_IDENTITY = "iPhone Developer";
				INFOPLIST_FILE = WorkoutKit/Resources/Info.plist;
				IPHONEOS_DEPLOYMENT_TARGET = 17.0;
				LD_RUNPATH_SEARCH_PATHS = (
					"$(inherited)",
					"@executable_path/Frameworks",
				);
				PRODUCT_BUNDLE_IDENTIFIER = com.tomo.workoutkit;
				SDKROOT = iphoneos;
				TARGETED_DEVICE_FAMILY = 1;
			};
			name = Beta;
		};
		BE7CC689D790B7C8412EA7B0 /* Debug */ = {
			isa = XCBuildConfiguration;
			buildSettings = {
				ALWAYS_SEARCH_USER_PATHS = NO;
				APP_INTENTS_DEPLOYMENT_POSTPROCESSING = NO;
				CLANG_ANALYZER_NONNULL = YES;
				CLANG_ANALYZER_NUMBER_OBJECT_CONVERSION = YES_AGGRESSIVE;
				CLANG_CXX_LANGUAGE_STANDARD = "gnu++14";
				CLANG_CXX_LIBRARY = "libc++";
				CLANG_ENABLE_MODULES = YES;
				CLANG_ENABLE_OBJC_ARC = YES;
				CLANG_ENABLE_OBJC_WEAK = YES;
				CLANG_WARN_BLOCK_CAPTURE_AUTORELEASING = YES;
				CLANG_WARN_BOOL_CONVERSION = YES;
				CLANG_WARN_COMMA = YES;
				CLANG_WARN_CONSTANT_CONVERSION = YES;
				CLANG_WARN_DEPRECATED_OBJC_IMPLEMENTATIONS = YES;
				CLANG_WARN_DIRECT_OBJC_ISA_USAGE = YES_ERROR;
				CLANG_WARN_DOCUMENTATION_COMMENTS = YES;
				CLANG_WARN_EMPTY_BODY = YES;
				CLANG_WARN_ENUM_CONVERSION = YES;
				CLANG_WARN_INFINITE_RECURSION = YES;
				CLANG_WARN_INT_CONVERSION = YES;
				CLANG_WARN_NON_LITERAL_NULL_CONVERSION = YES;
				CLANG_WARN_OBJC_IMPLICIT_RETAIN_SELF = YES;
				CLANG_WARN_OBJC_LITERAL_CONVERSION = YES;
				CLANG_WARN_OBJC_ROOT_CLASS = YES_ERROR;
				CLANG_WARN_QUOTED_INCLUDE_IN_FRAMEWORK_HEADER = YES;
				CLANG_WARN_RANGE_LOOP_ANALYSIS = YES;
				CLANG_WARN_STRICT_PROTOTYPES = YES;
				CLANG_WARN_SUSPICIOUS_MOVE = YES;
				CLANG_WARN_UNGUARDED_AVAILABILITY = YES_AGGRESSIVE;
				CLANG_WARN_UNREACHABLE_CODE = YES;
				CLANG_WARN__DUPLICATE_METHOD_MATCH = YES;
				CODE_SIGN_STYLE = Automatic;
				COPY_PHASE_STRIP = NO;
				CURRENT_PROJECT_VERSION = 1;
				DEBUG_INFORMATION_FORMAT = dwarf;
				DEVELOPMENT_TEAM = "";
				ENABLE_STRICT_OBJC_MSGSEND = YES;
				ENABLE_TESTABILITY = YES;
				ENABLE_USER_SCRIPT_SANDBOXING = NO;
				GCC_C_LANGUAGE_STANDARD = gnu11;
				GCC_DYNAMIC_NO_PIC = NO;
				GCC_NO_COMMON_BLOCKS = YES;
				GCC_OPTIMIZATION_LEVEL = 0;
				GCC_PREPROCESSOR_DEFINITIONS = (
					"$(inherited)",
					"DEBUG=1",
				);
				GCC_WARN_64_TO_32_BIT_CONVERSION = YES;
				GCC_WARN_ABOUT_RETURN_TYPE = YES_ERROR;
				GCC_WARN_UNDECLARED_SELECTOR = YES;
				GCC_WARN_UNINITIALIZED_AUTOS = YES_AGGRESSIVE;
				GCC_WARN_UNUSED_FUNCTION = YES;
				GCC_WARN_UNUSED_VARIABLE = YES;
				GENERATE_INFOPLIST_FILE = NO;
				IPHONEOS_DEPLOYMENT_TARGET = 17.0;
				MARKETING_VERSION = 1.0.0;
				MTL_ENABLE_DEBUG_INFO = INCLUDE_SOURCE;
				MTL_FAST_MATH = YES;
				ONLY_ACTIVE_ARCH = YES;
				PRODUCT_NAME = "$(TARGET_NAME)";
				SDKROOT = iphoneos;
				SWIFT_ACTIVE_COMPILATION_CONDITIONS = DEBUG;
				SWIFT_OPTIMIZATION_LEVEL = "-Onone";
				SWIFT_VERSION = 5.9;
				xcconfig = Config/Debug.xcconfig;
			};
			name = Debug;
		};
		F778B7231A5DCA1A26B2DF77 /* Debug */ = {
			isa = XCBuildConfiguration;
			buildSettings = {
				BUNDLE_LOADER = "$(TEST_HOST)";
				GENERATE_INFOPLIST_FILE = YES;
				IPHONEOS_DEPLOYMENT_TARGET = 17.0;
				LD_RUNPATH_SEARCH_PATHS = (
					"$(inherited)",
					"@executable_path/Frameworks",
					"@loader_path/Frameworks",
				);
				PRODUCT_BUNDLE_IDENTIFIER = com.tomo.workoutkit.tests;
				SDKROOT = iphoneos;
				SWIFT_VERSION = 5.9;
				TARGETED_DEVICE_FAMILY = "1,2";
				TEST_HOST = "$(BUILT_PRODUCTS_DIR)/WorkoutKit.app/WorkoutKit";
			};
			name = Debug;
		};
/* End XCBuildConfiguration section */

/* Begin XCConfigurationList section */
		0BC7B08A128ABD546044EED7 /* Build configuration list for PBXNativeTarget "WorkoutKit" */ = {
			isa = XCConfigurationList;
			buildConfigurations = (
				8DB4F92A793CBBEF4752CC1A /* Beta */,
				2D8CBEA988D11F86B23670AA /* Debug */,
				7F0BCC578A0DCBB887DC6FBE /* Release */,
			);
			defaultConfigurationIsVisible = 0;
			defaultConfigurationName = Beta;
		};
		28805BCC346929C424B472F8 /* Build configuration list for PBXNativeTarget "WorkoutKitTests" */ = {
			isa = XCConfigurationList;
			buildConfigurations = (
				294728CB9B29C93D09352ED8 /* Beta */,
				F778B7231A5DCA1A26B2DF77 /* Debug */,
				1E8FA3F005EFC35B02AA4A27 /* Release */,
			);
			defaultConfigurationIsVisible = 0;
			defaultConfigurationName = Beta;
		};
		433D0C4D90F6EE9E5384A2DE /* Build configuration list for PBXProject "WorkoutKit" */ = {
			isa = XCConfigurationList;
			buildConfigurations = (
				1A4EC3B487DDFAFD69A564F8 /* Beta */,
				BE7CC689D790B7C8412EA7B0 /* Debug */,
				2A0CDCC53D0A26E0A74A8DC1 /* Release */,
			);
			defaultConfigurationIsVisible = 0;
			defaultConfigurationName = Beta;
		};
/* End XCConfigurationList section */
	};
	rootObject = B88F7E88C27DDC7C9685A7E3 /* Project object */;
}
